{
  "name": "a",
  "version": "1.0.0",
  "lockfileVersion": 1,
  "requires": true,
  "dependencies": {
    "@angular/common": {
      "version": "7.2.10",
      "requires": {
        "tslib": "^1.9.0"
      }
    },
    "@angular/compiler": {
      "version": "7.2.10",
      "requires": {
        "tslib": "^1.9.0"
      }
    },
    "@angular/core": {
      "version": "7.2.10",
      "requires": {
        "tslib": "^1.9.0"
      }
    },
    "@angular/platform-browser": {
      "version": "7.2.10",
      "requires": {
        "tslib": "^1.9.0"
      }
    },
    "@angular/platform-browser-dynamic": {
      "version": "7.2.10",
      "requires": {
        "tslib": "^1.9.0"
      }
    },
    "@angular/upgrade": {
      "version": "7.2.10",
      "requires": {
        "tslib": "^1.9.0"
      }
    },
    "@types/angular": {
      "version": "1.6.54",
      "resolved": "http://registry.npm.taobao.org/@types/angular/download/@types/angular-1.6.54.tgz",
      "integrity": "sha1-+dWgPk2nsCGm2r5dY+iZ7UVnpb0=",
      "dev": true
    },
    "angular": {
      "version": "1.7.8"
    },
    "rxjs": {
      "version": "6.4.0",
      "requires": {
        "tslib": "^1.9.0"
      }
    },
    "tslib": {
      "version": "1.9.3",
      "resolved": "http://registry.npm.taobao.org/tslib/download/tslib-1.9.3.tgz",
      "integrity": "sha1-1+TdeSRdhUKMTX5IIqeZF5VMooY="
    },
    "typescript": {
      "version": "3.3.4000",
      "dev": true
    },
    "zone.js": {
      "version": "0.8.29"
    }
  }
}
